
Microsoft Visual Studio Solution File, Format Version 12.00
# Visual Studio Version 17
VisualStudioVersion = 17.14.36203.30 d17.14
MinimumVisualStudioVersion = 10.0.40219.1
Project("{FAE04EC0-301F-11D3-BF4B-00C04F79EFBC}") = "PRN222_Project", "PRN222_Project\PRN222_Project.csproj", "{5712E60F-CC78-4BC6-A62A-B8043DD13DCB}"
EndProject
Global
	GlobalSection(SolutionConfigurationPlatforms) = preSolution
		Debug|Any CPU = Debug|Any CPU
		Release|Any CPU = Release|Any CPU
	EndGlobalSection
	GlobalSection(ProjectConfigurationPlatforms) = postSolution
		{5712E60F-CC78-4BC6-A62A-B8043DD13DCB}.Debug|Any CPU.ActiveCfg = Debug|Any CPU
		{5712E60F-CC78-4BC6-A62A-B8043DD13DCB}.Debug|Any CPU.Build.0 = Debug|Any CPU
		{5712E60F-CC78-4BC6-A62A-B8043DD13DCB}.Release|Any CPU.ActiveCfg = Release|Any CPU
		{5712E60F-CC78-4BC6-A62A-B8043DD13DCB}.Release|Any CPU.Build.0 = Release|Any CPU
	EndGlobalSection
	GlobalSection(SolutionProperties) = preSolution
		HideSolutionNode = FALSE
	EndGlobalSection
	GlobalSection(ExtensibilityGlobals) = postSolution
		SolutionGuid = {8331DAFC-C219-493C-9DFE-748E9E1F8427}
	EndGlobalSection
EndGlobal
